{
  "object": {
    "pins": [
      {
        "package": "Validations",
        "repositoryURL": "https://github.com/m-housh/Validations.git",
        "state": {
          "branch": null,
          "revision": "dbf8f5ff716c4a96b9a79d757f536d673f84c626",
          "version": "0.1.2"
        }
      }
    ]
  },
  "version": 1
}
