{
  "object": {
    "pins": [
      {
        "package": "Core",
        "repositoryURL": "https://github.com/vapor/core.git",
        "state": {
          "branch": null,
          "revision": "c64f63cb21631010952f7abfef719d376ab6a441",
          "version": "3.9.1"
        }
      },
      {
        "package": "swift-nio",
        "repositoryURL": "https://github.com/apple/swift-nio.git",
        "state": {
          "branch": null,
          "revision": "ba7970fe396e8198b84c6c1b44b38a1d4e2eb6bd",
          "version": "1.14.1"
        }
      },
      {
        "package": "swift-nio-zlib-support",
        "repositoryURL": "https://github.com/apple/swift-nio-zlib-support.git",
        "state": {
          "branch": null,
          "revision": "37760e9a52030bb9011972c5213c3350fa9d41fd",
          "version": "1.0.0"
        }
      },
      {
        "package": "Validation",
        "repositoryURL": "https://github.com/vapor/validation.git",
        "state": {
          "branch": null,
          "revision": "4de213cf319b694e4ce19e5339592601d4dd3ff6",
          "version": "2.1.1"
        }
      }
    ]
  },
  "version": 1
}
